{
  "version": 4,
  "terraform_version": "1.7.5",
  "serial": 1,
  "lineage": "29a8d8a6-72d5-8573-1904-9b45401d0a91",
  "outputs": {
    "backend_url": {
      "value": "http://3.216.244.146:8000",
      "type": "string"
    },
    "elastic_ip": {
      "value": "3.216.244.146",
      "type": "string"
    },
    "frontend_url": {
      "value": "http://3.216.244.146:5173",
      "type": "string"
    },
    "instance_id": {
      "value": null,
      "type": "string"
    },
    "instance_private_ip": {
      "value": null,
      "type": "string"
    },
    "public_dns": {
      "value": null,
      "type": "string"
    },
    "security_group_id": {
      "value": null,
      "type": "string"
    },
    "ssh_command": {
      "value": "ssh -i ~/.ssh/vockey.pem ubuntu@3.216.244.146",
      "type": "string"
    }
  },
  "resources": [
    {
      "mode": "data",
      "type": "aws_vpc",
      "name": "default",
      "provider": "provider[\"registry.terraform.io/hashicorp/aws\"]",
      "instances": [
        {
          "schema_version": 0,
          "attributes": {
            "arn": "arn:aws:ec2:us-east-1:084613735347:vpc/vpc-0eb11dc842d6a5637",
            "cidr_block": "172.31.0.0/16",
            "cidr_block_associations": [
              {
                "association_id": "vpc-cidr-assoc-0491fad67f526edb9",
                "cidr_block": "172.31.0.0/16",
                "state": "associated"
              }
            ],
            "default": true,
            "dhcp_options_id": "dopt-05a1f4a11f55f5677",
            "enable_dns_hostnames": true,
            "enable_dns_support": true,
            "enable_network_address_usage_metrics": false,
            "filter": null,
            "id": "vpc-0eb11dc842d6a5637",
            "instance_tenancy": "default",
            "ipv6_association_id": "",
            "ipv6_cidr_block": "",
            "main_route_table_id": "rtb-0edbf03255f773bbc",
            "owner_id": "084613735347",
            "state": null,
            "tags": {},
            "timeouts": null
          },
          "sensitive_attributes": []
        }
      ]
    },
    {
      "mode": "managed",
      "type": "aws_eip",
      "name": "server_terraform_eip",
      "provider": "provider[\"registry.terraform.io/hashicorp/aws\"]",
      "instances": [
        {
          "schema_version": 0,
          "attributes": {
            "address": null,
            "allocation_id": "eipalloc-097a10e67ac3fd776",
            "arn": "arn:aws:ec2:us-east-1:084613735347:elastic-ip/eipalloc-097a10e67ac3fd776",
            "associate_with_private_ip": null,
            "association_id": "",
            "carrier_ip": "",
            "customer_owned_ip": "",
            "customer_owned_ipv4_pool": "",
            "domain": "vpc",
            "id": "eipalloc-097a10e67ac3fd776",
            "instance": "",
            "ipam_pool_id": null,
            "network_border_group": "us-east-1",
            "network_interface": "",
            "private_dns": null,
            "private_ip": "",
            "ptr_record": "",
            "public_dns": "ec2-3-216-244-146.compute-1.amazonaws.com",
            "public_ip": "3.216.244.146",
            "public_ipv4_pool": "amazon",
            "tags": {
              "Name": "server_terraform-eip"
            },
            "tags_all": {
              "Name": "server_terraform-eip"
            },
            "timeouts": null,
            "vpc": true
          },
          "sensitive_attributes": [],
          "private": "eyJlMmJmYjczMC1lY2FhLTExZTYtOGY4OC0zNDM2M2JjN2M0YzAiOnsiZGVsZXRlIjoxODAwMDAwMDAwMDAsInJlYWQiOjkwMDAwMDAwMDAwMCwidXBkYXRlIjozMDAwMDAwMDAwMDB9LCJzY2hlbWFfdmVyc2lvbiI6IjAifQ=="
        }
      ]
    }
  ],
  "check_results": null
}
